
Microsoft Visual Studio Solution File, Format Version 12.00
# Visual Studio Version 16
VisualStudioVersion = 16.0.29609.76
MinimumVisualStudioVersion = 10.0.40219.1
Project("{FAE04EC0-301F-11D3-BF4B-00C04F79EFBC}") = "GUTSchedule.Droid", "GUTSchedule.Droid\GUTSchedule.Droid.csproj", "{A0471165-37F5-4309-8A92-42F1A6589EEE}"
EndProject
Project("{FAE04EC0-301F-11D3-BF4B-00C04F79EFBC}") = "GUTSchedule.UWP", "GUT.Schedule.UWP\GUTSchedule.UWP.csproj", "{AC7E8D95-1E2A-409C-9A95-477C2AC8E47F}"
EndProject
Project("{9A19103F-16F7-4668-BE54-9A1E7A4F7556}") = "GUTSchedule", "GUTSchedule\GUTSchedule.csproj", "{A6F6DE35-0EB4-4D11-9FF9-F4601595B639}"
EndProject
Global
	GlobalSection(SolutionConfigurationPlatforms) = preSolution
		Debug|Any CPU = Debug|Any CPU
		Debug|ARM = Debug|ARM
		Debug|ARM64 = Debug|ARM64
		Debug|x64 = Debug|x64
		Debug|x86 = Debug|x86
		Release (APK)|Any CPU = Release (APK)|Any CPU
		Release (APK)|ARM = Release (APK)|ARM
		Release (APK)|ARM64 = Release (APK)|ARM64
		Release (APK)|x64 = Release (APK)|x64
		Release (APK)|x86 = Release (APK)|x86
		Release|Any CPU = Release|Any CPU
		Release|ARM = Release|ARM
		Release|ARM64 = Release|ARM64
		Release|x64 = Release|x64
		Release|x86 = Release|x86
	EndGlobalSection
	GlobalSection(ProjectConfigurationPlatforms) = postSolution
		{A0471165-37F5-4309-8A92-42F1A6589EEE}.Debug|Any CPU.ActiveCfg = Debug|Any CPU
		{A0471165-37F5-4309-8A92-42F1A6589EEE}.Debug|Any CPU.Build.0 = Debug|Any CPU
		{A0471165-37F5-4309-8A92-42F1A6589EEE}.Debug|Any CPU.Deploy.0 = Debug|Any CPU
		{A0471165-37F5-4309-8A92-42F1A6589EEE}.Debug|ARM.ActiveCfg = Debug|Any CPU
		{A0471165-37F5-4309-8A92-42F1A6589EEE}.Debug|ARM.Build.0 = Debug|Any CPU
		{A0471165-37F5-4309-8A92-42F1A6589EEE}.Debug|ARM.Deploy.0 = Debug|Any CPU
		{A0471165-37F5-4309-8A92-42F1A6589EEE}.Debug|ARM64.ActiveCfg = Debug|Any CPU
		{A0471165-37F5-4309-8A92-42F1A6589EEE}.Debug|ARM64.Build.0 = Debug|Any CPU
		{A0471165-37F5-4309-8A92-42F1A6589EEE}.Debug|ARM64.Deploy.0 = Debug|Any CPU
		{A0471165-37F5-4309-8A92-42F1A6589EEE}.Debug|x64.ActiveCfg = Debug|Any CPU
		{A0471165-37F5-4309-8A92-42F1A6589EEE}.Debug|x64.Build.0 = Debug|Any CPU
		{A0471165-37F5-4309-8A92-42F1A6589EEE}.Debug|x64.Deploy.0 = Debug|Any CPU
		{A0471165-37F5-4309-8A92-42F1A6589EEE}.Debug|x86.ActiveCfg = Debug|Any CPU
		{A0471165-37F5-4309-8A92-42F1A6589EEE}.Debug|x86.Build.0 = Debug|Any CPU
		{A0471165-37F5-4309-8A92-42F1A6589EEE}.Debug|x86.Deploy.0 = Debug|Any CPU
		{A0471165-37F5-4309-8A92-42F1A6589EEE}.Release (APK)|Any CPU.ActiveCfg = Release (APK)|Any CPU
		{A0471165-37F5-4309-8A92-42F1A6589EEE}.Release (APK)|Any CPU.Build.0 = Release (APK)|Any CPU
		{A0471165-37F5-4309-8A92-42F1A6589EEE}.Release (APK)|Any CPU.Deploy.0 = Release (APK)|Any CPU
		{A0471165-37F5-4309-8A92-42F1A6589EEE}.Release (APK)|ARM.ActiveCfg = Release (APK)|Any CPU
		{A0471165-37F5-4309-8A92-42F1A6589EEE}.Release (APK)|ARM.Build.0 = Release (APK)|Any CPU
		{A0471165-37F5-4309-8A92-42F1A6589EEE}.Release (APK)|ARM.Deploy.0 = Release (APK)|Any CPU
		{A0471165-37F5-4309-8A92-42F1A6589EEE}.Release (APK)|ARM64.ActiveCfg = Release (APK)|Any CPU
		{A0471165-37F5-4309-8A92-42F1A6589EEE}.Release (APK)|ARM64.Build.0 = Release (APK)|Any CPU
		{A0471165-37F5-4309-8A92-42F1A6589EEE}.Release (APK)|ARM64.Deploy.0 = Release (APK)|Any CPU
		{A0471165-37F5-4309-8A92-42F1A6589EEE}.Release (APK)|x64.ActiveCfg = Release (APK)|Any CPU
		{A0471165-37F5-4309-8A92-42F1A6589EEE}.Release (APK)|x64.Build.0 = Release (APK)|Any CPU
		{A0471165-37F5-4309-8A92-42F1A6589EEE}.Release (APK)|x64.Deploy.0 = Release (APK)|Any CPU
		{A0471165-37F5-4309-8A92-42F1A6589EEE}.Release (APK)|x86.ActiveCfg = Release (APK)|Any CPU
		{A0471165-37F5-4309-8A92-42F1A6589EEE}.Release (APK)|x86.Build.0 = Release (APK)|Any CPU
		{A0471165-37F5-4309-8A92-42F1A6589EEE}.Release (APK)|x86.Deploy.0 = Release (APK)|Any CPU
		{A0471165-37F5-4309-8A92-42F1A6589EEE}.Release|Any CPU.ActiveCfg = Release|Any CPU
		{A0471165-37F5-4309-8A92-42F1A6589EEE}.Release|Any CPU.Build.0 = Release|Any CPU
		{A0471165-37F5-4309-8A92-42F1A6589EEE}.Release|Any CPU.Deploy.0 = Release|Any CPU
		{A0471165-37F5-4309-8A92-42F1A6589EEE}.Release|ARM.ActiveCfg = Release|Any CPU
		{A0471165-37F5-4309-8A92-42F1A6589EEE}.Release|ARM.Build.0 = Release|Any CPU
		{A0471165-37F5-4309-8A92-42F1A6589EEE}.Release|ARM.Deploy.0 = Release|Any CPU
		{A0471165-37F5-4309-8A92-42F1A6589EEE}.Release|ARM64.ActiveCfg = Release|Any CPU
		{A0471165-37F5-4309-8A92-42F1A6589EEE}.Release|ARM64.Build.0 = Release|Any CPU
		{A0471165-37F5-4309-8A92-42F1A6589EEE}.Release|ARM64.Deploy.0 = Release|Any CPU
		{A0471165-37F5-4309-8A92-42F1A6589EEE}.Release|x64.ActiveCfg = Release|Any CPU
		{A0471165-37F5-4309-8A92-42F1A6589EEE}.Release|x64.Build.0 = Release|Any CPU
		{A0471165-37F5-4309-8A92-42F1A6589EEE}.Release|x64.Deploy.0 = Release|Any CPU
		{A0471165-37F5-4309-8A92-42F1A6589EEE}.Release|x86.ActiveCfg = Release|Any CPU
		{A0471165-37F5-4309-8A92-42F1A6589EEE}.Release|x86.Build.0 = Release|Any CPU
		{A0471165-37F5-4309-8A92-42F1A6589EEE}.Release|x86.Deploy.0 = Release|Any CPU
		{AC7E8D95-1E2A-409C-9A95-477C2AC8E47F}.Debug|Any CPU.ActiveCfg = Debug|x86
		{AC7E8D95-1E2A-409C-9A95-477C2AC8E47F}.Debug|ARM.ActiveCfg = Debug|ARM
		{AC7E8D95-1E2A-409C-9A95-477C2AC8E47F}.Debug|ARM.Build.0 = Debug|ARM
		{AC7E8D95-1E2A-409C-9A95-477C2AC8E47F}.Debug|ARM.Deploy.0 = Debug|ARM
		{AC7E8D95-1E2A-409C-9A95-477C2AC8E47F}.Debug|ARM64.ActiveCfg = Debug|ARM64
		{AC7E8D95-1E2A-409C-9A95-477C2AC8E47F}.Debug|ARM64.Build.0 = Debug|ARM64
		{AC7E8D95-1E2A-409C-9A95-477C2AC8E47F}.Debug|ARM64.Deploy.0 = Debug|ARM64
		{AC7E8D95-1E2A-409C-9A95-477C2AC8E47F}.Debug|x64.ActiveCfg = Debug|x64
		{AC7E8D95-1E2A-409C-9A95-477C2AC8E47F}.Debug|x64.Build.0 = Debug|x64
		{AC7E8D95-1E2A-409C-9A95-477C2AC8E47F}.Debug|x64.Deploy.0 = Debug|x64
		{AC7E8D95-1E2A-409C-9A95-477C2AC8E47F}.Debug|x86.ActiveCfg = Debug|x86
		{AC7E8D95-1E2A-409C-9A95-477C2AC8E47F}.Debug|x86.Build.0 = Debug|x86
		{AC7E8D95-1E2A-409C-9A95-477C2AC8E47F}.Debug|x86.Deploy.0 = Debug|x86
		{AC7E8D95-1E2A-409C-9A95-477C2AC8E47F}.Release (APK)|Any CPU.ActiveCfg = Release|x64
		{AC7E8D95-1E2A-409C-9A95-477C2AC8E47F}.Release (APK)|Any CPU.Build.0 = Release|x64
		{AC7E8D95-1E2A-409C-9A95-477C2AC8E47F}.Release (APK)|Any CPU.Deploy.0 = Release|x64
		{AC7E8D95-1E2A-409C-9A95-477C2AC8E47F}.Release (APK)|ARM.ActiveCfg = Release|ARM
		{AC7E8D95-1E2A-409C-9A95-477C2AC8E47F}.Release (APK)|ARM.Build.0 = Release|ARM
		{AC7E8D95-1E2A-409C-9A95-477C2AC8E47F}.Release (APK)|ARM.Deploy.0 = Release|ARM
		{AC7E8D95-1E2A-409C-9A95-477C2AC8E47F}.Release (APK)|ARM64.ActiveCfg = Release|ARM64
		{AC7E8D95-1E2A-409C-9A95-477C2AC8E47F}.Release (APK)|ARM64.Build.0 = Release|ARM64
		{AC7E8D95-1E2A-409C-9A95-477C2AC8E47F}.Release (APK)|ARM64.Deploy.0 = Release|ARM64
		{AC7E8D95-1E2A-409C-9A95-477C2AC8E47F}.Release (APK)|x64.ActiveCfg = Release|x64
		{AC7E8D95-1E2A-409C-9A95-477C2AC8E47F}.Release (APK)|x64.Build.0 = Release|x64
		{AC7E8D95-1E2A-409C-9A95-477C2AC8E47F}.Release (APK)|x64.Deploy.0 = Release|x64
		{AC7E8D95-1E2A-409C-9A95-477C2AC8E47F}.Release (APK)|x86.ActiveCfg = Release|x86
		{AC7E8D95-1E2A-409C-9A95-477C2AC8E47F}.Release (APK)|x86.Build.0 = Release|x86
		{AC7E8D95-1E2A-409C-9A95-477C2AC8E47F}.Release (APK)|x86.Deploy.0 = Release|x86
		{AC7E8D95-1E2A-409C-9A95-477C2AC8E47F}.Release|Any CPU.ActiveCfg = Release|x86
		{AC7E8D95-1E2A-409C-9A95-477C2AC8E47F}.Release|ARM.ActiveCfg = Release|ARM
		{AC7E8D95-1E2A-409C-9A95-477C2AC8E47F}.Release|ARM.Build.0 = Release|ARM
		{AC7E8D95-1E2A-409C-9A95-477C2AC8E47F}.Release|ARM.Deploy.0 = Release|ARM
		{AC7E8D95-1E2A-409C-9A95-477C2AC8E47F}.Release|ARM64.ActiveCfg = Release|ARM64
		{AC7E8D95-1E2A-409C-9A95-477C2AC8E47F}.Release|ARM64.Build.0 = Release|ARM64
		{AC7E8D95-1E2A-409C-9A95-477C2AC8E47F}.Release|ARM64.Deploy.0 = Release|ARM64
		{AC7E8D95-1E2A-409C-9A95-477C2AC8E47F}.Release|x64.ActiveCfg = Release|x64
		{AC7E8D95-1E2A-409C-9A95-477C2AC8E47F}.Release|x64.Build.0 = Release|x64
		{AC7E8D95-1E2A-409C-9A95-477C2AC8E47F}.Release|x64.Deploy.0 = Release|x64
		{AC7E8D95-1E2A-409C-9A95-477C2AC8E47F}.Release|x86.ActiveCfg = Release|x86
		{AC7E8D95-1E2A-409C-9A95-477C2AC8E47F}.Release|x86.Build.0 = Release|x86
		{AC7E8D95-1E2A-409C-9A95-477C2AC8E47F}.Release|x86.Deploy.0 = Release|x86
		{A6F6DE35-0EB4-4D11-9FF9-F4601595B639}.Debug|Any CPU.ActiveCfg = Debug|Any CPU
		{A6F6DE35-0EB4-4D11-9FF9-F4601595B639}.Debug|Any CPU.Build.0 = Debug|Any CPU
		{A6F6DE35-0EB4-4D11-9FF9-F4601595B639}.Debug|ARM.ActiveCfg = Debug|Any CPU
		{A6F6DE35-0EB4-4D11-9FF9-F4601595B639}.Debug|ARM.Build.0 = Debug|Any CPU
		{A6F6DE35-0EB4-4D11-9FF9-F4601595B639}.Debug|ARM64.ActiveCfg = Debug|Any CPU
		{A6F6DE35-0EB4-4D11-9FF9-F4601595B639}.Debug|ARM64.Build.0 = Debug|Any CPU
		{A6F6DE35-0EB4-4D11-9FF9-F4601595B639}.Debug|x64.ActiveCfg = Debug|Any CPU
		{A6F6DE35-0EB4-4D11-9FF9-F4601595B639}.Debug|x64.Build.0 = Debug|Any CPU
		{A6F6DE35-0EB4-4D11-9FF9-F4601595B639}.Debug|x86.ActiveCfg = Debug|Any CPU
		{A6F6DE35-0EB4-4D11-9FF9-F4601595B639}.Debug|x86.Build.0 = Debug|Any CPU
		{A6F6DE35-0EB4-4D11-9FF9-F4601595B639}.Release (APK)|Any CPU.ActiveCfg = Release|Any CPU
		{A6F6DE35-0EB4-4D11-9FF9-F4601595B639}.Release (APK)|Any CPU.Build.0 = Release|Any CPU
		{A6F6DE35-0EB4-4D11-9FF9-F4601595B639}.Release (APK)|ARM.ActiveCfg = Release|Any CPU
		{A6F6DE35-0EB4-4D11-9FF9-F4601595B639}.Release (APK)|ARM.Build.0 = Release|Any CPU
		{A6F6DE35-0EB4-4D11-9FF9-F4601595B639}.Release (APK)|ARM64.ActiveCfg = Release|Any CPU
		{A6F6DE35-0EB4-4D11-9FF9-F4601595B639}.Release (APK)|ARM64.Build.0 = Release|Any CPU
		{A6F6DE35-0EB4-4D11-9FF9-F4601595B639}.Release (APK)|x64.ActiveCfg = Release|Any CPU
		{A6F6DE35-0EB4-4D11-9FF9-F4601595B639}.Release (APK)|x64.Build.0 = Release|Any CPU
		{A6F6DE35-0EB4-4D11-9FF9-F4601595B639}.Release (APK)|x86.ActiveCfg = Release|Any CPU
		{A6F6DE35-0EB4-4D11-9FF9-F4601595B639}.Release (APK)|x86.Build.0 = Release|Any CPU
		{A6F6DE35-0EB4-4D11-9FF9-F4601595B639}.Release|Any CPU.ActiveCfg = Release|Any CPU
		{A6F6DE35-0EB4-4D11-9FF9-F4601595B639}.Release|Any CPU.Build.0 = Release|Any CPU
		{A6F6DE35-0EB4-4D11-9FF9-F4601595B639}.Release|ARM.ActiveCfg = Release|Any CPU
		{A6F6DE35-0EB4-4D11-9FF9-F4601595B639}.Release|ARM.Build.0 = Release|Any CPU
		{A6F6DE35-0EB4-4D11-9FF9-F4601595B639}.Release|ARM64.ActiveCfg = Release|Any CPU
		{A6F6DE35-0EB4-4D11-9FF9-F4601595B639}.Release|ARM64.Build.0 = Release|Any CPU
		{A6F6DE35-0EB4-4D11-9FF9-F4601595B639}.Release|x64.ActiveCfg = Release|Any CPU
		{A6F6DE35-0EB4-4D11-9FF9-F4601595B639}.Release|x64.Build.0 = Release|Any CPU
		{A6F6DE35-0EB4-4D11-9FF9-F4601595B639}.Release|x86.ActiveCfg = Release|Any CPU
		{A6F6DE35-0EB4-4D11-9FF9-F4601595B639}.Release|x86.Build.0 = Release|Any CPU
	EndGlobalSection
	GlobalSection(SolutionProperties) = preSolution
		HideSolutionNode = FALSE
	EndGlobalSection
	GlobalSection(ExtensibilityGlobals) = postSolution
		SolutionGuid = {456DD1C4-9BC4-4D79-A999-8F85492E7C20}
	EndGlobalSection
EndGlobal
