
Microsoft Visual Studio Solution File, Format Version 12.00
# Visual Studio Version 16
VisualStudioVersion = 16.0.29609.76
MinimumVisualStudioVersion = 10.0.40219.1
Project("{FAE04EC0-301F-11D3-BF4B-00C04F79EFBC}") = "GUT.Schedule", "GUT.Schedule\GUT.Schedule.csproj", "{A0471165-37F5-4309-8A92-42F1A6589EEE}"
EndProject
Global
	GlobalSection(SolutionConfigurationPlatforms) = preSolution
		Debug|Any CPU = Debug|Any CPU
		Release|Any CPU = Release|Any CPU
	EndGlobalSection
	GlobalSection(ProjectConfigurationPlatforms) = postSolution
		{A0471165-37F5-4309-8A92-42F1A6589EEE}.Debug|Any CPU.ActiveCfg = Debug|Any CPU
		{A0471165-37F5-4309-8A92-42F1A6589EEE}.Debug|Any CPU.Build.0 = Debug|Any CPU
		{A0471165-37F5-4309-8A92-42F1A6589EEE}.Debug|Any CPU.Deploy.0 = Debug|Any CPU
		{A0471165-37F5-4309-8A92-42F1A6589EEE}.Release|Any CPU.ActiveCfg = Release|Any CPU
		{A0471165-37F5-4309-8A92-42F1A6589EEE}.Release|Any CPU.Build.0 = Release|Any CPU
		{A0471165-37F5-4309-8A92-42F1A6589EEE}.Release|Any CPU.Deploy.0 = Release|Any CPU
	EndGlobalSection
	GlobalSection(SolutionProperties) = preSolution
		HideSolutionNode = FALSE
	EndGlobalSection
	GlobalSection(ExtensibilityGlobals) = postSolution
		SolutionGuid = {456DD1C4-9BC4-4D79-A999-8F85492E7C20}
	EndGlobalSection
EndGlobal
